Microsoft Visual Studio Solution File, Format Version 12.00
# Visual Studio Version 17
VisualStudioVersion = 17.5.2.0
MinimumVisualStudioVersion = 10.0.40219.1
Project("{FAE04EC0-301F-11D3-BF4B-00C04F79EFBC}") = "GenderNationalizeAPI", "GenderNationalizeAPI\GenderNationalizeAPI.csproj", "{144016FE-0965-C903-2F5D-737F1A60A92D}"
EndProject
Global
	GlobalSection(SolutionConfigurationPlatforms) = preSolution
		Debug|Any CPU = Debug|Any CPU
		Release|Any CPU = Release|Any CPU
	EndGlobalSection
	GlobalSection(ProjectConfigurationPlatforms) = postSolution
		{144016FE-0965-C903-2F5D-737F1A60A92D}.Debug|Any CPU.ActiveCfg = Debug|Any CPU
		{144016FE-0965-C903-2F5D-737F1A60A92D}.Debug|Any CPU.Build.0 = Debug|Any CPU
		{144016FE-0965-C903-2F5D-737F1A60A92D}.Release|Any CPU.ActiveCfg = Release|Any CPU
		{144016FE-0965-C903-2F5D-737F1A60A92D}.Release|Any CPU.Build.0 = Release|Any CPU
	EndGlobalSection
	GlobalSection(SolutionProperties) = preSolution
		HideSolutionNode = FALSE
	EndGlobalSection
	GlobalSection(ExtensibilityGlobals) = postSolution
		SolutionGuid = {1405EDC0-7B98-42ED-957F-C6040C43A67B}
	EndGlobalSection
EndGlobal
